
Microsoft Visual Studio Solution File, Format Version 12.00
# Visual Studio 15
Project("{FAE04EC0-301F-11D3-BF4B-00C04F79EFBC}") = "Assembly-CSharp", "Assembly-CSharp.csproj", "{E03DB267-2B6D-6F8A-3A21-27CFD1BA8608}"
EndProject
Project("{FAE04EC0-301F-11D3-BF4B-00C04F79EFBC}") = "Assembly-CSharp-Editor", "Assembly-CSharp-Editor.csproj", "{DDB2CE71-ED0A-5D70-58FF-1749065D1730}"
EndProject
Global
	GlobalSection(SolutionConfigurationPlatforms) = preSolution
		Debug|Any CPU = Debug|Any CPU
		Release|Any CPU = Release|Any CPU
	EndGlobalSection
	GlobalSection(ProjectConfigurationPlatforms) = postSolution
		{E03DB267-2B6D-6F8A-3A21-27CFD1BA8608}.Debug|Any CPU.ActiveCfg = Debug|Any CPU
		{E03DB267-2B6D-6F8A-3A21-27CFD1BA8608}.Debug|Any CPU.Build.0 = Debug|Any CPU
		{E03DB267-2B6D-6F8A-3A21-27CFD1BA8608}.Release|Any CPU.ActiveCfg = Release|Any CPU
		{E03DB267-2B6D-6F8A-3A21-27CFD1BA8608}.Release|Any CPU.Build.0 = Release|Any CPU
		{DDB2CE71-ED0A-5D70-58FF-1749065D1730}.Debug|Any CPU.ActiveCfg = Debug|Any CPU
		{DDB2CE71-ED0A-5D70-58FF-1749065D1730}.Debug|Any CPU.Build.0 = Debug|Any CPU
		{DDB2CE71-ED0A-5D70-58FF-1749065D1730}.Release|Any CPU.ActiveCfg = Release|Any CPU
		{DDB2CE71-ED0A-5D70-58FF-1749065D1730}.Release|Any CPU.Build.0 = Release|Any CPU
	EndGlobalSection
	GlobalSection(SolutionProperties) = preSolution
		HideSolutionNode = FALSE
	EndGlobalSection
EndGlobal
